{
  "object": {
    "pins": [
      {
        "package": "Pathos",
        "repositoryURL": "https://github.com/dduan/Pathos.git",
        "state": {
          "branch": null,
          "revision": "8541adb66a08b879d91cd19e73750fa00d47f4b4",
          "version": "0.2.0"
        }
      },
      {
        "package": "Rainbow",
        "repositoryURL": "https://github.com/onevcat/Rainbow",
        "state": {
          "branch": null,
          "revision": "9c52c1952e9b2305d4507cf473392ac2d7c9b155",
          "version": "3.1.5"
        }
      }
    ]
  },
  "version": 1
}
