{
  "object": {
    "pins": [
      {
        "package": "Pathos",
        "repositoryURL": "https://github.com/dduan/Pathos.git",
        "state": {
          "branch": null,
          "revision": "02a6e7169919f0e36f50b177a34f28ca39d303d4",
          "version": "0.1.3"
        }
      },
      {
        "package": "Rainbow",
        "repositoryURL": "https://github.com/onevcat/Rainbow",
        "state": {
          "branch": null,
          "revision": "9c52c1952e9b2305d4507cf473392ac2d7c9b155",
          "version": "3.1.5"
        }
      }
    ]
  },
  "version": 1
}
